dependencies:
- name: mongodb
  repository: file://../mongodb
  version: "3.2"
- name: rabbitmq
  repository: file://../rabbitmq
  version: "3"
- name: crawler-bot
  repository: file://../crawler-bot
  version: 1.0.0
- name: crawler-ui
  repository: file://../crawler-ui
  version: 1.0.0
- name: nginx-ingress
  repository: file://../nginx-ingress
  version: 1.41.3
digest: sha256:b1756fce2878b31f0ba9ca436c47462bff7b13e62a0514216395b2dd9c688186
generated: "2021-10-24T19:46:05.912878835+05:00"
